
Microsoft Visual Studio Solution File, Format Version 12.00
# Visual Studio Version 16
VisualStudioVersion = 16.0.31911.196
MinimumVisualStudioVersion = 10.0.40219.1
Project("{9A19103F-16F7-4668-BE54-9A1E7A4F7556}") = "PersonsSystem", "PersonsSystem.csproj", "{9F6A0182-A284-45C4-953C-B4C62C44DE3A}"
EndProject
Project("{9A19103F-16F7-4668-BE54-9A1E7A4F7556}") = "CL.Server.Middleware", "CL.Server.Middleware\CL.Server.Middleware.csproj", "{FFA5BF7A-95FF-4D84-8A75-CBAACB1591FE}"
EndProject
Project("{9A19103F-16F7-4668-BE54-9A1E7A4F7556}") = "CL.Server.Domain", "CL.Server.Domain\CL.Server.Domain.csproj", "{DFAF7E79-E6C2-4A6C-9DD5-695B05B4F20F}"
EndProject
Global
	GlobalSection(SolutionConfigurationPlatforms) = preSolution
		Debug|Any CPU = Debug|Any CPU
		Release|Any CPU = Release|Any CPU
	EndGlobalSection
	GlobalSection(ProjectConfigurationPlatforms) = postSolution
		{9F6A0182-A284-45C4-953C-B4C62C44DE3A}.Debug|Any CPU.ActiveCfg = Debug|Any CPU
		{9F6A0182-A284-45C4-953C-B4C62C44DE3A}.Debug|Any CPU.Build.0 = Debug|Any CPU
		{9F6A0182-A284-45C4-953C-B4C62C44DE3A}.Release|Any CPU.ActiveCfg = Release|Any CPU
		{9F6A0182-A284-45C4-953C-B4C62C44DE3A}.Release|Any CPU.Build.0 = Release|Any CPU
		{FFA5BF7A-95FF-4D84-8A75-CBAACB1591FE}.Debug|Any CPU.ActiveCfg = Debug|Any CPU
		{FFA5BF7A-95FF-4D84-8A75-CBAACB1591FE}.Debug|Any CPU.Build.0 = Debug|Any CPU
		{FFA5BF7A-95FF-4D84-8A75-CBAACB1591FE}.Release|Any CPU.ActiveCfg = Release|Any CPU
		{FFA5BF7A-95FF-4D84-8A75-CBAACB1591FE}.Release|Any CPU.Build.0 = Release|Any CPU
		{DFAF7E79-E6C2-4A6C-9DD5-695B05B4F20F}.Debug|Any CPU.ActiveCfg = Debug|Any CPU
		{DFAF7E79-E6C2-4A6C-9DD5-695B05B4F20F}.Debug|Any CPU.Build.0 = Debug|Any CPU
		{DFAF7E79-E6C2-4A6C-9DD5-695B05B4F20F}.Release|Any CPU.ActiveCfg = Release|Any CPU
		{DFAF7E79-E6C2-4A6C-9DD5-695B05B4F20F}.Release|Any CPU.Build.0 = Release|Any CPU
	EndGlobalSection
	GlobalSection(SolutionProperties) = preSolution
		HideSolutionNode = FALSE
	EndGlobalSection
	GlobalSection(ExtensibilityGlobals) = postSolution
		SolutionGuid = {AA18F87A-ADD2-40C8-9DF5-6F8E124AA2DF}
	EndGlobalSection
EndGlobal
